
Microsoft Visual Studio Solution File, Format Version 12.00
# Visual Studio Version 16
VisualStudioVersion = 16.0.33529.622
MinimumVisualStudioVersion = 10.0.40219.1
Project("{8BC9CEB8-8B4A-11D0-8D11-00A0C91BC942}") = "Homework", "Homework\Homework.vcxproj", "{D61174BE-4199-4A99-A21A-8CEA617037D3}"
EndProject
Project("{8BC9CEB8-8B4A-11D0-8D11-00A0C91BC942}") = "atcoder1", "atcoder1\atcoder1.vcxproj", "{021254C5-1F2D-4F48-81DE-6E556FE4506D}"
EndProject
Project("{8BC9CEB8-8B4A-11D0-8D11-00A0C91BC942}") = "atcoder2", "atcoder2\atcoder2.vcxproj", "{2CC2D40D-AB9A-4263-B99F-A3E32AB4FB86}"
EndProject
Project("{8BC9CEB8-8B4A-11D0-8D11-00A0C91BC942}") = "atcoders3", "atcoders3\atcoders3.vcxproj", "{978E9BB6-8A3D-4AB4-B16A-9BC702520B93}"
EndProject
Project("{8BC9CEB8-8B4A-11D0-8D11-00A0C91BC942}") = "homework2", "homework2\homework2.vcxproj", "{E5DF2792-FE8D-427A-A41C-99D14DB4C4E9}"
EndProject
Project("{8BC9CEB8-8B4A-11D0-8D11-00A0C91BC942}") = "atcoders4", "atcoders4\atcoders4.vcxproj", "{1EEF4295-16D8-4C9A-95EB-9C073869F2EB}"
EndProject
Project("{8BC9CEB8-8B4A-11D0-8D11-00A0C91BC942}") = "atcoders5", "atcoders5\atcoders5.vcxproj", "{6CBB8418-7507-4DB1-8E35-F214E5266C0E}"
EndProject
Project("{8BC9CEB8-8B4A-11D0-8D11-00A0C91BC942}") = "Test3", "Test3\Test3.vcxproj", "{67FC7918-1CBF-4EF0-B2D2-F2650D9B1495}"
EndProject
Project("{8BC9CEB8-8B4A-11D0-8D11-00A0C91BC942}") = "atcoders6", "atcoders6\atcoders6.vcxproj", "{71283587-DA94-4DB3-B8CE-A826AFF6091D}"
EndProject
Project("{8BC9CEB8-8B4A-11D0-8D11-00A0C91BC942}") = "atcoders7", "atcoders7\atcoders7.vcxproj", "{AE199C9A-A759-4B64-BF7D-919A59FDCD02}"
EndProject
Project("{8BC9CEB8-8B4A-11D0-8D11-00A0C91BC942}") = "Test4", "Test4\Test4.vcxproj", "{7A7886DD-7479-4840-8AAF-C8E6FF917403}"
EndProject
Project("{8BC9CEB8-8B4A-11D0-8D11-00A0C91BC942}") = "atcoders8", "atcoders8\atcoders8.vcxproj", "{721061B0-1A4F-41C9-976B-01ED4F81F8CF}"
EndProject
Project("{8BC9CEB8-8B4A-11D0-8D11-00A0C91BC942}") = "Homework3", "Homework3\Homework3.vcxproj", "{C236BCD4-0C67-486D-AF69-0A30116C2EBB}"
EndProject
Project("{8BC9CEB8-8B4A-11D0-8D11-00A0C91BC942}") = "atcoders9", "atcoders9\atcoders9.vcxproj", "{E6982ED8-E1C7-4114-9866-3EEB8B91DEBC}"
EndProject
Project("{8BC9CEB8-8B4A-11D0-8D11-00A0C91BC942}") = "Test5", "Test5\Test5.vcxproj", "{D9833C28-7550-4DB7-9D61-47D5A7C94701}"
EndProject
Project("{8BC9CEB8-8B4A-11D0-8D11-00A0C91BC942}") = "playground", "playground\playground.vcxproj", "{19CE5AF4-CEF1-4E88-8898-59C154B579C6}"
EndProject
Project("{8BC9CEB8-8B4A-11D0-8D11-00A0C91BC942}") = "atcoders10", "atcoders10\atcoders10.vcxproj", "{4A1548C1-4728-4B18-ABB1-BA8B02D9A4F7}"
EndProject
Project("{8BC9CEB8-8B4A-11D0-8D11-00A0C91BC942}") = "SegmentTreePlayground", "SegmentTreePlayground\SegmentTreePlayground.vcxproj", "{2D153E4D-FC74-4A47-AE5D-6E8E2249D3F4}"
EndProject
Global
	GlobalSection(SolutionConfigurationPlatforms) = preSolution
		Debug|x64 = Debug|x64
		Debug|x86 = Debug|x86
		Release|x64 = Release|x64
		Release|x86 = Release|x86
	EndGlobalSection
	GlobalSection(ProjectConfigurationPlatforms) = postSolution
		{D61174BE-4199-4A99-A21A-8CEA617037D3}.Debug|x64.ActiveCfg = Debug|x64
		{D61174BE-4199-4A99-A21A-8CEA617037D3}.Debug|x64.Build.0 = Debug|x64
		{D61174BE-4199-4A99-A21A-8CEA617037D3}.Debug|x86.ActiveCfg = Debug|Win32
		{D61174BE-4199-4A99-A21A-8CEA617037D3}.Debug|x86.Build.0 = Debug|Win32
		{D61174BE-4199-4A99-A21A-8CEA617037D3}.Release|x64.ActiveCfg = Release|x64
		{D61174BE-4199-4A99-A21A-8CEA617037D3}.Release|x64.Build.0 = Release|x64
		{D61174BE-4199-4A99-A21A-8CEA617037D3}.Release|x86.ActiveCfg = Release|Win32
		{D61174BE-4199-4A99-A21A-8CEA617037D3}.Release|x86.Build.0 = Release|Win32
		{021254C5-1F2D-4F48-81DE-6E556FE4506D}.Debug|x64.ActiveCfg = Debug|x64
		{021254C5-1F2D-4F48-81DE-6E556FE4506D}.Debug|x64.Build.0 = Debug|x64
		{021254C5-1F2D-4F48-81DE-6E556FE4506D}.Debug|x86.ActiveCfg = Debug|Win32
		{021254C5-1F2D-4F48-81DE-6E556FE4506D}.Debug|x86.Build.0 = Debug|Win32
		{021254C5-1F2D-4F48-81DE-6E556FE4506D}.Release|x64.ActiveCfg = Release|x64
		{021254C5-1F2D-4F48-81DE-6E556FE4506D}.Release|x64.Build.0 = Release|x64
		{021254C5-1F2D-4F48-81DE-6E556FE4506D}.Release|x86.ActiveCfg = Release|Win32
		{021254C5-1F2D-4F48-81DE-6E556FE4506D}.Release|x86.Build.0 = Release|Win32
		{2CC2D40D-AB9A-4263-B99F-A3E32AB4FB86}.Debug|x64.ActiveCfg = Debug|x64
		{2CC2D40D-AB9A-4263-B99F-A3E32AB4FB86}.Debug|x64.Build.0 = Debug|x64
		{2CC2D40D-AB9A-4263-B99F-A3E32AB4FB86}.Debug|x86.ActiveCfg = Debug|Win32
		{2CC2D40D-AB9A-4263-B99F-A3E32AB4FB86}.Debug|x86.Build.0 = Debug|Win32
		{2CC2D40D-AB9A-4263-B99F-A3E32AB4FB86}.Release|x64.ActiveCfg = Release|x64
		{2CC2D40D-AB9A-4263-B99F-A3E32AB4FB86}.Release|x64.Build.0 = Release|x64
		{2CC2D40D-AB9A-4263-B99F-A3E32AB4FB86}.Release|x86.ActiveCfg = Release|Win32
		{2CC2D40D-AB9A-4263-B99F-A3E32AB4FB86}.Release|x86.Build.0 = Release|Win32
		{978E9BB6-8A3D-4AB4-B16A-9BC702520B93}.Debug|x64.ActiveCfg = Debug|x64
		{978E9BB6-8A3D-4AB4-B16A-9BC702520B93}.Debug|x64.Build.0 = Debug|x64
		{978E9BB6-8A3D-4AB4-B16A-9BC702520B93}.Debug|x86.ActiveCfg = Debug|Win32
		{978E9BB6-8A3D-4AB4-B16A-9BC702520B93}.Debug|x86.Build.0 = Debug|Win32
		{978E9BB6-8A3D-4AB4-B16A-9BC702520B93}.Release|x64.ActiveCfg = Release|x64
		{978E9BB6-8A3D-4AB4-B16A-9BC702520B93}.Release|x64.Build.0 = Release|x64
		{978E9BB6-8A3D-4AB4-B16A-9BC702520B93}.Release|x86.ActiveCfg = Release|Win32
		{978E9BB6-8A3D-4AB4-B16A-9BC702520B93}.Release|x86.Build.0 = Release|Win32
		{E5DF2792-FE8D-427A-A41C-99D14DB4C4E9}.Debug|x64.ActiveCfg = Debug|x64
		{E5DF2792-FE8D-427A-A41C-99D14DB4C4E9}.Debug|x64.Build.0 = Debug|x64
		{E5DF2792-FE8D-427A-A41C-99D14DB4C4E9}.Debug|x86.ActiveCfg = Debug|Win32
		{E5DF2792-FE8D-427A-A41C-99D14DB4C4E9}.Debug|x86.Build.0 = Debug|Win32
		{E5DF2792-FE8D-427A-A41C-99D14DB4C4E9}.Release|x64.ActiveCfg = Release|x64
		{E5DF2792-FE8D-427A-A41C-99D14DB4C4E9}.Release|x64.Build.0 = Release|x64
		{E5DF2792-FE8D-427A-A41C-99D14DB4C4E9}.Release|x86.ActiveCfg = Release|Win32
		{E5DF2792-FE8D-427A-A41C-99D14DB4C4E9}.Release|x86.Build.0 = Release|Win32
		{1EEF4295-16D8-4C9A-95EB-9C073869F2EB}.Debug|x64.ActiveCfg = Debug|x64
		{1EEF4295-16D8-4C9A-95EB-9C073869F2EB}.Debug|x64.Build.0 = Debug|x64
		{1EEF4295-16D8-4C9A-95EB-9C073869F2EB}.Debug|x86.ActiveCfg = Debug|Win32
		{1EEF4295-16D8-4C9A-95EB-9C073869F2EB}.Debug|x86.Build.0 = Debug|Win32
		{1EEF4295-16D8-4C9A-95EB-9C073869F2EB}.Release|x64.ActiveCfg = Release|x64
		{1EEF4295-16D8-4C9A-95EB-9C073869F2EB}.Release|x64.Build.0 = Release|x64
		{1EEF4295-16D8-4C9A-95EB-9C073869F2EB}.Release|x86.ActiveCfg = Release|Win32
		{1EEF4295-16D8-4C9A-95EB-9C073869F2EB}.Release|x86.Build.0 = Release|Win32
		{6CBB8418-7507-4DB1-8E35-F214E5266C0E}.Debug|x64.ActiveCfg = Debug|x64
		{6CBB8418-7507-4DB1-8E35-F214E5266C0E}.Debug|x64.Build.0 = Debug|x64
		{6CBB8418-7507-4DB1-8E35-F214E5266C0E}.Debug|x86.ActiveCfg = Debug|Win32
		{6CBB8418-7507-4DB1-8E35-F214E5266C0E}.Debug|x86.Build.0 = Debug|Win32
		{6CBB8418-7507-4DB1-8E35-F214E5266C0E}.Release|x64.ActiveCfg = Release|x64
		{6CBB8418-7507-4DB1-8E35-F214E5266C0E}.Release|x64.Build.0 = Release|x64
		{6CBB8418-7507-4DB1-8E35-F214E5266C0E}.Release|x86.ActiveCfg = Release|Win32
		{6CBB8418-7507-4DB1-8E35-F214E5266C0E}.Release|x86.Build.0 = Release|Win32
		{67FC7918-1CBF-4EF0-B2D2-F2650D9B1495}.Debug|x64.ActiveCfg = Debug|x64
		{67FC7918-1CBF-4EF0-B2D2-F2650D9B1495}.Debug|x64.Build.0 = Debug|x64
		{67FC7918-1CBF-4EF0-B2D2-F2650D9B1495}.Debug|x86.ActiveCfg = Debug|Win32
		{67FC7918-1CBF-4EF0-B2D2-F2650D9B1495}.Debug|x86.Build.0 = Debug|Win32
		{67FC7918-1CBF-4EF0-B2D2-F2650D9B1495}.Release|x64.ActiveCfg = Release|x64
		{67FC7918-1CBF-4EF0-B2D2-F2650D9B1495}.Release|x64.Build.0 = Release|x64
		{67FC7918-1CBF-4EF0-B2D2-F2650D9B1495}.Release|x86.ActiveCfg = Release|Win32
		{67FC7918-1CBF-4EF0-B2D2-F2650D9B1495}.Release|x86.Build.0 = Release|Win32
		{71283587-DA94-4DB3-B8CE-A826AFF6091D}.Debug|x64.ActiveCfg = Debug|x64
		{71283587-DA94-4DB3-B8CE-A826AFF6091D}.Debug|x64.Build.0 = Debug|x64
		{71283587-DA94-4DB3-B8CE-A826AFF6091D}.Debug|x86.ActiveCfg = Debug|Win32
		{71283587-DA94-4DB3-B8CE-A826AFF6091D}.Debug|x86.Build.0 = Debug|Win32
		{71283587-DA94-4DB3-B8CE-A826AFF6091D}.Release|x64.ActiveCfg = Release|x64
		{71283587-DA94-4DB3-B8CE-A826AFF6091D}.Release|x64.Build.0 = Release|x64
		{71283587-DA94-4DB3-B8CE-A826AFF6091D}.Release|x86.ActiveCfg = Release|Win32
		{71283587-DA94-4DB3-B8CE-A826AFF6091D}.Release|x86.Build.0 = Release|Win32
		{AE199C9A-A759-4B64-BF7D-919A59FDCD02}.Debug|x64.ActiveCfg = Debug|x64
		{AE199C9A-A759-4B64-BF7D-919A59FDCD02}.Debug|x64.Build.0 = Debug|x64
		{AE199C9A-A759-4B64-BF7D-919A59FDCD02}.Debug|x86.ActiveCfg = Debug|Win32
		{AE199C9A-A759-4B64-BF7D-919A59FDCD02}.Debug|x86.Build.0 = Debug|Win32
		{AE199C9A-A759-4B64-BF7D-919A59FDCD02}.Release|x64.ActiveCfg = Release|x64
		{AE199C9A-A759-4B64-BF7D-919A59FDCD02}.Release|x64.Build.0 = Release|x64
		{AE199C9A-A759-4B64-BF7D-919A59FDCD02}.Release|x86.ActiveCfg = Release|Win32
		{AE199C9A-A759-4B64-BF7D-919A59FDCD02}.Release|x86.Build.0 = Release|Win32
		{7A7886DD-7479-4840-8AAF-C8E6FF917403}.Debug|x64.ActiveCfg = Debug|x64
		{7A7886DD-7479-4840-8AAF-C8E6FF917403}.Debug|x64.Build.0 = Debug|x64
		{7A7886DD-7479-4840-8AAF-C8E6FF917403}.Debug|x86.ActiveCfg = Debug|Win32
		{7A7886DD-7479-4840-8AAF-C8E6FF917403}.Debug|x86.Build.0 = Debug|Win32
		{7A7886DD-7479-4840-8AAF-C8E6FF917403}.Release|x64.ActiveCfg = Release|x64
		{7A7886DD-7479-4840-8AAF-C8E6FF917403}.Release|x64.Build.0 = Release|x64
		{7A7886DD-7479-4840-8AAF-C8E6FF917403}.Release|x86.ActiveCfg = Release|Win32
		{7A7886DD-7479-4840-8AAF-C8E6FF917403}.Release|x86.Build.0 = Release|Win32
		{721061B0-1A4F-41C9-976B-01ED4F81F8CF}.Debug|x64.ActiveCfg = Debug|x64
		{721061B0-1A4F-41C9-976B-01ED4F81F8CF}.Debug|x64.Build.0 = Debug|x64
		{721061B0-1A4F-41C9-976B-01ED4F81F8CF}.Debug|x86.ActiveCfg = Debug|Win32
		{721061B0-1A4F-41C9-976B-01ED4F81F8CF}.Debug|x86.Build.0 = Debug|Win32
		{721061B0-1A4F-41C9-976B-01ED4F81F8CF}.Release|x64.ActiveCfg = Release|x64
		{721061B0-1A4F-41C9-976B-01ED4F81F8CF}.Release|x64.Build.0 = Release|x64
		{721061B0-1A4F-41C9-976B-01ED4F81F8CF}.Release|x86.ActiveCfg = Release|Win32
		{721061B0-1A4F-41C9-976B-01ED4F81F8CF}.Release|x86.Build.0 = Release|Win32
		{C236BCD4-0C67-486D-AF69-0A30116C2EBB}.Debug|x64.ActiveCfg = Debug|x64
		{C236BCD4-0C67-486D-AF69-0A30116C2EBB}.Debug|x64.Build.0 = Debug|x64
		{C236BCD4-0C67-486D-AF69-0A30116C2EBB}.Debug|x86.ActiveCfg = Debug|Win32
		{C236BCD4-0C67-486D-AF69-0A30116C2EBB}.Debug|x86.Build.0 = Debug|Win32
		{C236BCD4-0C67-486D-AF69-0A30116C2EBB}.Release|x64.ActiveCfg = Release|x64
		{C236BCD4-0C67-486D-AF69-0A30116C2EBB}.Release|x64.Build.0 = Release|x64
		{C236BCD4-0C67-486D-AF69-0A30116C2EBB}.Release|x86.ActiveCfg = Release|Win32
		{C236BCD4-0C67-486D-AF69-0A30116C2EBB}.Release|x86.Build.0 = Release|Win32
		{E6982ED8-E1C7-4114-9866-3EEB8B91DEBC}.Debug|x64.ActiveCfg = Debug|x64
		{E6982ED8-E1C7-4114-9866-3EEB8B91DEBC}.Debug|x64.Build.0 = Debug|x64
		{E6982ED8-E1C7-4114-9866-3EEB8B91DEBC}.Debug|x86.ActiveCfg = Debug|Win32
		{E6982ED8-E1C7-4114-9866-3EEB8B91DEBC}.Debug|x86.Build.0 = Debug|Win32
		{E6982ED8-E1C7-4114-9866-3EEB8B91DEBC}.Release|x64.ActiveCfg = Release|x64
		{E6982ED8-E1C7-4114-9866-3EEB8B91DEBC}.Release|x64.Build.0 = Release|x64
		{E6982ED8-E1C7-4114-9866-3EEB8B91DEBC}.Release|x86.ActiveCfg = Release|Win32
		{E6982ED8-E1C7-4114-9866-3EEB8B91DEBC}.Release|x86.Build.0 = Release|Win32
		{D9833C28-7550-4DB7-9D61-47D5A7C94701}.Debug|x64.ActiveCfg = Debug|x64
		{D9833C28-7550-4DB7-9D61-47D5A7C94701}.Debug|x64.Build.0 = Debug|x64
		{D9833C28-7550-4DB7-9D61-47D5A7C94701}.Debug|x86.ActiveCfg = Debug|Win32
		{D9833C28-7550-4DB7-9D61-47D5A7C94701}.Debug|x86.Build.0 = Debug|Win32
		{D9833C28-7550-4DB7-9D61-47D5A7C94701}.Release|x64.ActiveCfg = Release|x64
		{D9833C28-7550-4DB7-9D61-47D5A7C94701}.Release|x64.Build.0 = Release|x64
		{D9833C28-7550-4DB7-9D61-47D5A7C94701}.Release|x86.ActiveCfg = Release|Win32
		{D9833C28-7550-4DB7-9D61-47D5A7C94701}.Release|x86.Build.0 = Release|Win32
		{19CE5AF4-CEF1-4E88-8898-59C154B579C6}.Debug|x64.ActiveCfg = Debug|x64
		{19CE5AF4-CEF1-4E88-8898-59C154B579C6}.Debug|x64.Build.0 = Debug|x64
		{19CE5AF4-CEF1-4E88-8898-59C154B579C6}.Debug|x86.ActiveCfg = Debug|Win32
		{19CE5AF4-CEF1-4E88-8898-59C154B579C6}.Debug|x86.Build.0 = Debug|Win32
		{19CE5AF4-CEF1-4E88-8898-59C154B579C6}.Release|x64.ActiveCfg = Release|x64
		{19CE5AF4-CEF1-4E88-8898-59C154B579C6}.Release|x64.Build.0 = Release|x64
		{19CE5AF4-CEF1-4E88-8898-59C154B579C6}.Release|x86.ActiveCfg = Release|Win32
		{19CE5AF4-CEF1-4E88-8898-59C154B579C6}.Release|x86.Build.0 = Release|Win32
		{4A1548C1-4728-4B18-ABB1-BA8B02D9A4F7}.Debug|x64.ActiveCfg = Debug|x64
		{4A1548C1-4728-4B18-ABB1-BA8B02D9A4F7}.Debug|x64.Build.0 = Debug|x64
		{4A1548C1-4728-4B18-ABB1-BA8B02D9A4F7}.Debug|x86.ActiveCfg = Debug|Win32
		{4A1548C1-4728-4B18-ABB1-BA8B02D9A4F7}.Debug|x86.Build.0 = Debug|Win32
		{4A1548C1-4728-4B18-ABB1-BA8B02D9A4F7}.Release|x64.ActiveCfg = Release|x64
		{4A1548C1-4728-4B18-ABB1-BA8B02D9A4F7}.Release|x64.Build.0 = Release|x64
		{4A1548C1-4728-4B18-ABB1-BA8B02D9A4F7}.Release|x86.ActiveCfg = Release|Win32
		{4A1548C1-4728-4B18-ABB1-BA8B02D9A4F7}.Release|x86.Build.0 = Release|Win32
		{2D153E4D-FC74-4A47-AE5D-6E8E2249D3F4}.Debug|x64.ActiveCfg = Debug|x64
		{2D153E4D-FC74-4A47-AE5D-6E8E2249D3F4}.Debug|x64.Build.0 = Debug|x64
		{2D153E4D-FC74-4A47-AE5D-6E8E2249D3F4}.Debug|x86.ActiveCfg = Debug|Win32
		{2D153E4D-FC74-4A47-AE5D-6E8E2249D3F4}.Debug|x86.Build.0 = Debug|Win32
		{2D153E4D-FC74-4A47-AE5D-6E8E2249D3F4}.Release|x64.ActiveCfg = Release|x64
		{2D153E4D-FC74-4A47-AE5D-6E8E2249D3F4}.Release|x64.Build.0 = Release|x64
		{2D153E4D-FC74-4A47-AE5D-6E8E2249D3F4}.Release|x86.ActiveCfg = Release|Win32
		{2D153E4D-FC74-4A47-AE5D-6E8E2249D3F4}.Release|x86.Build.0 = Release|Win32
	EndGlobalSection
	GlobalSection(SolutionProperties) = preSolution
		HideSolutionNode = FALSE
	EndGlobalSection
	GlobalSection(ExtensibilityGlobals) = postSolution
		SolutionGuid = {011293E1-3AD7-45C9-BF9B-56CA980425BB}
	EndGlobalSection
EndGlobal
